<?xml version="1.0" encoding="utf-8"?>
<Project ToolsVersion="4.0" xmlns="http://schemas.microsoft.com/developer/msbuild/2003">
  <ItemGroup>
    <Filter Include="BOJ">
      <UniqueIdentifier>{98a7ffde-6ea7-4aaa-9ec2-e4127062e66c}</UniqueIdentifier>
    </Filter>
  </ItemGroup>
  <ItemGroup>
    <ClCompile Include="BOJ\1021 회전하는 큐 v1.cpp">
      <Filter>BOJ</Filter>
    </ClCompile>
    <ClCompile Include="BOJ\1021 회전하는 큐 v2.cpp">
      <Filter>BOJ</Filter>
    </ClCompile>
  </ItemGroup>
</Project>