<?xml version="1.0" encoding="utf-8"?>
<Project ToolsVersion="4.0" xmlns="http://schemas.microsoft.com/developer/msbuild/2003">
  <ItemGroup>
    <Filter Include="Source Files">
      <UniqueIdentifier>{4FC737F1-C7A5-4376-A066-2A32D752A2FF}</UniqueIdentifier>
      <Extensions>cpp;c;cc;cxx;c++;cppm;ixx;def;odl;idl;hpj;bat;asm;asmx</Extensions>
    </Filter>
  </ItemGroup>
  <ItemGroup>
    <ClCompile Include="1021 회전하는 큐 v1.cpp">
      <Filter>Source Files</Filter>
    </ClCompile>
    <ClCompile Include="1021 회전하는 큐.cpp">
      <Filter>Source Files</Filter>
    </ClCompile>
    <ClCompile Include="1022 소용돌이 예쁘게 출력하기.cpp">
      <Filter>Source Files</Filter>
    </ClCompile>
    <ClCompile Include="1024 수열의 합.cpp">
      <Filter>Source Files</Filter>
    </ClCompile>
    <ClCompile Include="1025 제곱수 찾기.cpp">
      <Filter>Source Files</Filter>
    </ClCompile>
    <ClCompile Include="1026 보물.cpp">
      <Filter>Source Files</Filter>
    </ClCompile>
    <ClCompile Include="1027 고층 건물.cpp">
      <Filter>Source Files</Filter>
    </ClCompile>
    <ClCompile Include="1029 그림 교환.cpp">
      <Filter>Source Files</Filter>
    </ClCompile>
    <ClCompile Include="1033 칵테일.cpp">
      <Filter>Source Files</Filter>
    </ClCompile>
    <ClCompile Include="1034 램프.cpp">
      <Filter>Source Files</Filter>
    </ClCompile>
    <ClCompile Include="1038 감소하는 수.cpp">
      <Filter>Source Files</Filter>
    </ClCompile>
    <ClCompile Include="1039 교환.cpp">
      <Filter>Source Files</Filter>
    </ClCompile>
    <ClCompile Include="1047 울타리.cpp">
      <Filter>Source Files</Filter>
    </ClCompile>
    <ClCompile Include="1069 집으로.cpp">
      <Filter>Source Files</Filter>
    </ClCompile>
    <ClCompile Include="1071 소트.cpp">
      <Filter>Source Files</Filter>
    </ClCompile>
    <ClCompile Include="1097 마법의 문자열.cpp">
      <Filter>Source Files</Filter>
    </ClCompile>
    <ClCompile Include="1146 지그재그 서기 v1.cpp">
      <Filter>Source Files</Filter>
    </ClCompile>
    <ClCompile Include="1146 지그재그 서기.cpp">
      <Filter>Source Files</Filter>
    </ClCompile>
    <ClCompile Include="1212 8진수 2진수.cpp">
      <Filter>Source Files</Filter>
    </ClCompile>
    <ClCompile Include="9576 책 나눠주기.cpp">
      <Filter>Source Files</Filter>
    </ClCompile>
    <ClCompile Include="11375 열혈강호.cpp">
      <Filter>Source Files</Filter>
    </ClCompile>
    <ClCompile Include="1298 노트북의 주인을 찾아서.cpp">
      <Filter>Source Files</Filter>
    </ClCompile>
    <ClCompile Include="1867 돌멩이 제거.cpp">
      <Filter>Source Files</Filter>
    </ClCompile>
    <ClCompile Include="11376 열혈강호 2.cpp">
      <Filter>Source Files</Filter>
    </ClCompile>
    <ClCompile Include="11377 열혈강호 3.cpp">
      <Filter>Source Files</Filter>
    </ClCompile>
    <ClCompile Include="11378 열혈강호 4.cpp">
      <Filter>Source Files</Filter>
    </ClCompile>
    <ClCompile Include="1671 상어의 저녁식사.cpp">
      <Filter>Source Files</Filter>
    </ClCompile>
    <ClCompile Include="11014 컨닝 2.cpp">
      <Filter>Source Files</Filter>
    </ClCompile>
    <ClCompile Include="2570 비숍2.cpp">
      <Filter>Source Files</Filter>
    </ClCompile>
    <ClCompile Include="2414 게시판 구멍 막기.cpp">
      <Filter>Source Files</Filter>
    </ClCompile>
    <ClCompile Include="15650 N과 M (2).cpp">
      <Filter>Source Files</Filter>
    </ClCompile>
    <ClCompile Include="2191 들쥐의 탈출.cpp">
      <Filter>Source Files</Filter>
    </ClCompile>
    <ClCompile Include="9577 토렌트.cpp">
      <Filter>Source Files</Filter>
    </ClCompile>
    <ClCompile Include="9525 룩 배치하기.cpp">
      <Filter>Source Files</Filter>
    </ClCompile>
    <ClCompile Include="1760 N-Rook.cpp">
      <Filter>Source Files</Filter>
    </ClCompile>
    <ClCompile Include="1574 룩 어택.cpp">
      <Filter>Source Files</Filter>
    </ClCompile>
    <ClCompile Include="11406 책 구매하기 2.cpp">
      <Filter>Source Files</Filter>
    </ClCompile>
    <ClCompile Include="18138 리유나는 세일러복을 좋아해.cpp">
      <Filter>Source Files</Filter>
    </ClCompile>
    <ClCompile Include="14433 한조 대기 중.cpp">
      <Filter>Source Files</Filter>
    </ClCompile>
    <ClCompile Include="3683 고양이와 개.cpp">
      <Filter>Source Files</Filter>
    </ClCompile>
    <ClCompile Include="11670 초등 수학.cpp">
      <Filter>Source Files</Filter>
    </ClCompile>
    <ClCompile Include="17481 최애 정하기.cpp">
      <Filter>Source Files</Filter>
    </ClCompile>
    <ClCompile Include="1507 궁금한 민호.cpp">
      <Filter>Source Files</Filter>
    </ClCompile>
    <ClCompile Include="2458 키 순서.cpp">
      <Filter>Source Files</Filter>
    </ClCompile>
    <ClCompile Include="1676 팩토리얼 0의 개수.cpp">
      <Filter>Source Files</Filter>
    </ClCompile>
    <ClCompile Include="10159 저울.cpp">
      <Filter>Source Files</Filter>
    </ClCompile>
    <ClCompile Include="1613 역사.cpp">
      <Filter>Source Files</Filter>
    </ClCompile>
    <ClCompile Include="1561 놀이 공원.cpp">
      <Filter>Source Files</Filter>
    </ClCompile>
    <ClCompile Include="1654 랜선 자르기.cpp">
      <Filter>Source Files</Filter>
    </ClCompile>
    <ClCompile Include="2660 회장뽑기.cpp">
      <Filter>Source Files</Filter>
    </ClCompile>
    <ClCompile Include="14938 서강그라운드.cpp">
      <Filter>Source Files</Filter>
    </ClCompile>
    <ClCompile Include="2159 케익 배달.cpp">
      <Filter>Source Files</Filter>
    </ClCompile>
    <ClCompile Include="1157 단어 공부.cpp">
      <Filter>Source Files</Filter>
    </ClCompile>
    <ClCompile Include="2617 구슬 찾기.cpp">
      <Filter>Source Files</Filter>
    </ClCompile>
    <ClCompile Include="2610 회의준비.cpp">
      <Filter>Source Files</Filter>
    </ClCompile>
    <ClCompile Include="1058 친구.cpp">
      <Filter>Source Files</Filter>
    </ClCompile>
    <ClCompile Include="2186 문자판.cpp">
      <Filter>Source Files</Filter>
    </ClCompile>
    <ClCompile Include="2285 우체국.cpp">
      <Filter>Source Files</Filter>
    </ClCompile>
    <ClCompile Include="2342 Dance Dance Revolution.cpp">
      <Filter>Source Files</Filter>
    </ClCompile>
  </ItemGroup>
  <ItemGroup>
    <Text Include="input.txt">
      <Filter>Source Files</Filter>
    </Text>
  </ItemGroup>
</Project>