<?xml version="1.0" encoding="utf-8"?>
<Project ToolsVersion="4.0" xmlns="http://schemas.microsoft.com/developer/msbuild/2003">
  <ItemGroup>
    <Filter Include="Source Files">
      <UniqueIdentifier>{4FC737F1-C7A5-4376-A066-2A32D752A2FF}</UniqueIdentifier>
      <Extensions>cpp;c;cc;cxx;c++;cppm;ixx;def;odl;idl;hpj;bat;asm;asmx</Extensions>
    </Filter>
  </ItemGroup>
  <ItemGroup>
    <ClCompile Include="1021 회전하는 큐 v1.cpp">
      <Filter>Source Files</Filter>
    </ClCompile>
    <ClCompile Include="1021 회전하는 큐.cpp">
      <Filter>Source Files</Filter>
    </ClCompile>
    <ClCompile Include="1022 소용돌이 예쁘게 출력하기.cpp">
      <Filter>Source Files</Filter>
    </ClCompile>
    <ClCompile Include="1024 수열의 합.cpp">
      <Filter>Source Files</Filter>
    </ClCompile>
    <ClCompile Include="1025 제곱수 찾기.cpp">
      <Filter>Source Files</Filter>
    </ClCompile>
    <ClCompile Include="1026 보물.cpp">
      <Filter>Source Files</Filter>
    </ClCompile>
    <ClCompile Include="1027 고층 건물.cpp">
      <Filter>Source Files</Filter>
    </ClCompile>
    <ClCompile Include="1029 그림 교환.cpp">
      <Filter>Source Files</Filter>
    </ClCompile>
    <ClCompile Include="1033 칵테일.cpp">
      <Filter>Source Files</Filter>
    </ClCompile>
    <ClCompile Include="1034 램프.cpp">
      <Filter>Source Files</Filter>
    </ClCompile>
    <ClCompile Include="1038 감소하는 수.cpp">
      <Filter>Source Files</Filter>
    </ClCompile>
    <ClCompile Include="1039 교환.cpp">
      <Filter>Source Files</Filter>
    </ClCompile>
    <ClCompile Include="1047 울타리.cpp">
      <Filter>Source Files</Filter>
    </ClCompile>
    <ClCompile Include="1069 집으로.cpp">
      <Filter>Source Files</Filter>
    </ClCompile>
    <ClCompile Include="1071 소트.cpp">
      <Filter>Source Files</Filter>
    </ClCompile>
    <ClCompile Include="1097 마법의 문자열.cpp">
      <Filter>Source Files</Filter>
    </ClCompile>
    <ClCompile Include="1146 지그재그 서기 v1.cpp">
      <Filter>Source Files</Filter>
    </ClCompile>
    <ClCompile Include="1146 지그재그 서기.cpp">
      <Filter>Source Files</Filter>
    </ClCompile>
    <ClCompile Include="1212 8진수 2진수.cpp">
      <Filter>Source Files</Filter>
    </ClCompile>
    <ClCompile Include="9576 책 나눠주기.cpp">
      <Filter>Source Files</Filter>
    </ClCompile>
    <ClCompile Include="11375 열혈강호.cpp">
      <Filter>Source Files</Filter>
    </ClCompile>
    <ClCompile Include="1298 노트북의 주인을 찾아서.cpp">
      <Filter>Source Files</Filter>
    </ClCompile>
    <ClCompile Include="1867 돌멩이 제거.cpp">
      <Filter>Source Files</Filter>
    </ClCompile>
    <ClCompile Include="11376 열혈강호 2.cpp">
      <Filter>Source Files</Filter>
    </ClCompile>
    <ClCompile Include="11377 열혈강호 3.cpp">
      <Filter>Source Files</Filter>
    </ClCompile>
    <ClCompile Include="11378 열혈강호 4.cpp">
      <Filter>Source Files</Filter>
    </ClCompile>
    <ClCompile Include="1671 상어의 저녁식사.cpp">
      <Filter>Source Files</Filter>
    </ClCompile>
    <ClCompile Include="11014 컨닝 2.cpp">
      <Filter>Source Files</Filter>
    </ClCompile>
    <ClCompile Include="2570 비숍2.cpp">
      <Filter>Source Files</Filter>
    </ClCompile>
    <ClCompile Include="2414 게시판 구멍 막기.cpp">
      <Filter>Source Files</Filter>
    </ClCompile>
    <ClCompile Include="15650 N과 M (2).cpp">
      <Filter>Source Files</Filter>
    </ClCompile>
    <ClCompile Include="2191 들쥐의 탈출.cpp">
      <Filter>Source Files</Filter>
    </ClCompile>
    <ClCompile Include="9577 토렌트.cpp">
      <Filter>Source Files</Filter>
    </ClCompile>
    <ClCompile Include="9525 룩 배치하기.cpp">
      <Filter>Source Files</Filter>
    </ClCompile>
    <ClCompile Include="1760 N-Rook.cpp">
      <Filter>Source Files</Filter>
    </ClCompile>
    <ClCompile Include="1574 룩 어택.cpp">
      <Filter>Source Files</Filter>
    </ClCompile>
    <ClCompile Include="11406 책 구매하기 2.cpp">
      <Filter>Source Files</Filter>
    </ClCompile>
    <ClCompile Include="18138 리유나는 세일러복을 좋아해.cpp">
      <Filter>Source Files</Filter>
    </ClCompile>
    <ClCompile Include="14433 한조 대기 중.cpp">
      <Filter>Source Files</Filter>
    </ClCompile>
    <ClCompile Include="3683 고양이와 개.cpp">
      <Filter>Source Files</Filter>
    </ClCompile>
    <ClCompile Include="11670 초등 수학.cpp">
      <Filter>Source Files</Filter>
    </ClCompile>
    <ClCompile Include="17481 최애 정하기.cpp">
      <Filter>Source Files</Filter>
    </ClCompile>
    <ClCompile Include="1507 궁금한 민호.cpp">
      <Filter>Source Files</Filter>
    </ClCompile>
    <ClCompile Include="2458 키 순서.cpp">
      <Filter>Source Files</Filter>
    </ClCompile>
    <ClCompile Include="1676 팩토리얼 0의 개수.cpp">
      <Filter>Source Files</Filter>
    </ClCompile>
    <ClCompile Include="10159 저울.cpp">
      <Filter>Source Files</Filter>
    </ClCompile>
    <ClCompile Include="1613 역사.cpp">
      <Filter>Source Files</Filter>
    </ClCompile>
    <ClCompile Include="1561 놀이 공원.cpp">
      <Filter>Source Files</Filter>
    </ClCompile>
    <ClCompile Include="1654 랜선 자르기.cpp">
      <Filter>Source Files</Filter>
    </ClCompile>
    <ClCompile Include="2660 회장뽑기.cpp">
      <Filter>Source Files</Filter>
    </ClCompile>
    <ClCompile Include="14938 서강그라운드.cpp">
      <Filter>Source Files</Filter>
    </ClCompile>
    <ClCompile Include="2159 케익 배달.cpp">
      <Filter>Source Files</Filter>
    </ClCompile>
    <ClCompile Include="1157 단어 공부.cpp">
      <Filter>Source Files</Filter>
    </ClCompile>
    <ClCompile Include="2617 구슬 찾기.cpp">
      <Filter>Source Files</Filter>
    </ClCompile>
    <ClCompile Include="2610 회의준비.cpp">
      <Filter>Source Files</Filter>
    </ClCompile>
    <ClCompile Include="1058 친구.cpp">
      <Filter>Source Files</Filter>
    </ClCompile>
    <ClCompile Include="2186 문자판.cpp">
      <Filter>Source Files</Filter>
    </ClCompile>
    <ClCompile Include="2285 우체국.cpp">
      <Filter>Source Files</Filter>
    </ClCompile>
    <ClCompile Include="2342 Dance Dance Revolution.cpp">
      <Filter>Source Files</Filter>
    </ClCompile>
    <ClCompile Include="2343 기타 레슨.cpp">
      <Filter>Source Files</Filter>
    </ClCompile>
    <ClCompile Include="6988 타일 밟기.dp.cpp">
      <Filter>Source Files</Filter>
    </ClCompile>
    <ClCompile Include="6988 타일 밟기.for.cpp">
      <Filter>Source Files</Filter>
    </ClCompile>
    <ClCompile Include="9019 DSLR.cpp">
      <Filter>Source Files</Filter>
    </ClCompile>
    <ClCompile Include="9613 GCD 합.cpp">
      <Filter>Source Files</Filter>
    </ClCompile>
    <ClCompile Include="11657 타임머신.cpp">
      <Filter>Source Files</Filter>
    </ClCompile>
    <ClCompile Include="10971 외판원 순회 2.cpp">
      <Filter>Source Files</Filter>
    </ClCompile>
    <ClCompile Include="10816 숫자 카드 2.stl.cpp">
      <Filter>Source Files</Filter>
    </ClCompile>
    <ClCompile Include="10816 숫자 카드 2.imp.cpp">
      <Filter>Source Files</Filter>
    </ClCompile>
    <ClCompile Include="10815 숫자 카드.cpp">
      <Filter>Source Files</Filter>
    </ClCompile>
    <ClCompile Include="2512 예산.cpp">
      <Filter>Source Files</Filter>
    </ClCompile>
    <ClCompile Include="2470 두 용액.cpp">
      <Filter>Source Files</Filter>
    </ClCompile>
    <ClCompile Include="12015 가장 긴 증가하는 부분 수열 2.cpp">
      <Filter>Source Files</Filter>
    </ClCompile>
    <ClCompile Include="1300 k번째 수.cpp">
      <Filter>Source Files</Filter>
    </ClCompile>
    <ClCompile Include="1072 게임.cpp">
      <Filter>Source Files</Filter>
    </ClCompile>
    <ClCompile Include="2467 용액.cpp">
      <Filter>Source Files</Filter>
    </ClCompile>
    <ClCompile Include="2473 세 용액.cpp">
      <Filter>Source Files</Filter>
    </ClCompile>
    <ClCompile Include="1939 중량제한.cpp">
      <Filter>Source Files</Filter>
    </ClCompile>
    <ClCompile Include="12738 가장 긴 증가하는 부분 수열 3.cpp">
      <Filter>Source Files</Filter>
    </ClCompile>
    <ClCompile Include="14003 가장 긴 증가하는 부분 수열 5.cpp">
      <Filter>Source Files</Filter>
    </ClCompile>
    <ClCompile Include="7453 합이 0인 네 정수.v0.stl.cpp">
      <Filter>Source Files</Filter>
    </ClCompile>
    <ClCompile Include="7453 합이 0인 네 정수.v1.imp.cpp">
      <Filter>Source Files</Filter>
    </ClCompile>
    <ClCompile Include="7453 합이 0인 네 정수.v2.fast.cpp">
      <Filter>Source Files</Filter>
    </ClCompile>
    <ClCompile Include="2352 반도체 설계.cpp">
      <Filter>Source Files</Filter>
    </ClCompile>
    <ClCompile Include="2243 사탕상자.cpp">
      <Filter>Source Files</Filter>
    </ClCompile>
    <ClCompile Include="5622 다이얼.cpp">
      <Filter>Source Files</Filter>
    </ClCompile>
    <ClCompile Include="2042 구간 합 구하기.cpp">
      <Filter>Source Files</Filter>
    </ClCompile>
    <ClCompile Include="6549 히스토그램에서 가장 큰 직사각형.cpp">
      <Filter>Source Files</Filter>
    </ClCompile>
    <ClCompile Include="1725 히스토그램.cpp">
      <Filter>Source Files</Filter>
    </ClCompile>
    <ClCompile Include="1517 버블 소트.cpp">
      <Filter>Source Files</Filter>
    </ClCompile>
    <ClCompile Include="7578 공장.cpp">
      <Filter>Source Files</Filter>
    </ClCompile>
    <ClCompile Include="2517 달리기.cpp">
      <Filter>Source Files</Filter>
    </ClCompile>
    <ClCompile Include="10999 구간 합 구하기 2.cpp">
      <Filter>Source Files</Filter>
    </ClCompile>
    <ClCompile Include="3653 영화 수집.cpp">
      <Filter>Source Files</Filter>
    </ClCompile>
    <ClCompile Include="11659 구간 합 구하기 4.cpp">
      <Filter>Source Files</Filter>
    </ClCompile>
    <ClCompile Include="16956 늑대와 양.cpp">
      <Filter>Source Files</Filter>
    </ClCompile>
    <ClCompile Include="2104 부분배열 고르기.cpp">
      <Filter>Source Files</Filter>
    </ClCompile>
    <ClCompile Include="16975 수열과 쿼리 21.cpp">
      <Filter>Source Files</Filter>
    </ClCompile>
    <ClCompile Include="5419 북서풍.cpp">
      <Filter>Source Files</Filter>
    </ClCompile>
    <ClCompile Include="1280 나무 심기.cpp">
      <Filter>Source Files</Filter>
    </ClCompile>
    <ClCompile Include="2798 블랙잭.cpp">
      <Filter>Source Files</Filter>
    </ClCompile>
    <ClCompile Include="10870 피보나치 수 5.cpp">
      <Filter>Source Files</Filter>
    </ClCompile>
    <ClCompile Include="2869 달팽이는 올라가고 싶다.cpp">
      <Filter>Source Files</Filter>
    </ClCompile>
    <ClCompile Include="2231 분해합.cpp">
      <Filter>Source Files</Filter>
    </ClCompile>
    <ClCompile Include="2581 소수.cpp">
      <Filter>Source Files</Filter>
    </ClCompile>
    <ClCompile Include="4153 직각삼각형.cpp">
      <Filter>Source Files</Filter>
    </ClCompile>
    <ClCompile Include="1932 정수 삼각형.cpp">
      <Filter>Source Files</Filter>
    </ClCompile>
    <ClCompile Include="5543 상근날드.cpp">
      <Filter>Source Files</Filter>
    </ClCompile>
    <ClCompile Include="1436 영화감독 숌.cpp">
      <Filter>Source Files</Filter>
    </ClCompile>
    <ClCompile Include="3009 네 번째 점.cpp">
      <Filter>Source Files</Filter>
    </ClCompile>
    <ClCompile Include="15649 N과 M (1).cpp">
      <Filter>Source Files</Filter>
    </ClCompile>
    <ClCompile Include="1874 스택 수열.cpp">
      <Filter>Source Files</Filter>
    </ClCompile>
    <ClCompile Include="2748 피보나치 수 2.cpp">
      <Filter>Source Files</Filter>
    </ClCompile>
    <ClCompile Include="1158 요세푸스 문제.cpp">
      <Filter>Source Files</Filter>
    </ClCompile>
    <ClCompile Include="25083 새싹.cpp">
      <Filter>Source Files</Filter>
    </ClCompile>
    <ClCompile Include="2164 카드2.cpp">
      <Filter>Source Files</Filter>
    </ClCompile>
    <ClCompile Include="11729 하노이 탑 이동 순서.cpp">
      <Filter>Source Files</Filter>
    </ClCompile>
    <ClCompile Include="4948 베르트랑 공준.cpp">
      <Filter>Source Files</Filter>
    </ClCompile>
    <ClCompile Include="14888 연산자 끼워넣기.cpp">
      <Filter>Source Files</Filter>
    </ClCompile>
    <ClCompile Include="2447 별 찍기 - 10.cpp">
      <Filter>Source Files</Filter>
    </ClCompile>
    <ClCompile Include="14501 퇴사.cpp">
      <Filter>Source Files</Filter>
    </ClCompile>
    <ClCompile Include="1753 최단경로.cpp">
      <Filter>Source Files</Filter>
    </ClCompile>
    <ClCompile Include="1261 알고스팟.dijik.cpp">
      <Filter>Source Files</Filter>
    </ClCompile>
    <ClCompile Include="_Template.cpp">
      <Filter>Source Files</Filter>
    </ClCompile>
    <ClCompile Include="1261 알고스팟.bfs.cpp">
      <Filter>Source Files</Filter>
    </ClCompile>
    <ClCompile Include="13549 숨바꼭질 3.01bfs.cpp">
      <Filter>Source Files</Filter>
    </ClCompile>
    <ClCompile Include="13549 숨바꼭질 3.dijkstra.cpp">
      <Filter>Source Files</Filter>
    </ClCompile>
    <ClCompile Include="4485 녹색 옷 입은 애가 젤다지.dijk.cpp">
      <Filter>Source Files</Filter>
    </ClCompile>
    <ClCompile Include="1238 파티.dijk.cpp">
      <Filter>Source Files</Filter>
    </ClCompile>
    <ClCompile Include="1238 파티.floyd.cpp">
      <Filter>Source Files</Filter>
    </ClCompile>
    <ClCompile Include="2665 미로만들기.v0.0-1bfs.cpp">
      <Filter>Source Files</Filter>
    </ClCompile>
    <ClCompile Include="2665 미로만들기.v1.bfs.cpp">
      <Filter>Source Files</Filter>
    </ClCompile>
    <ClCompile Include="2665 미로만들기.v2.dijk.cpp">
      <Filter>Source Files</Filter>
    </ClCompile>
    <ClCompile Include="11779 최소비용 구하기 2.cpp">
      <Filter>Source Files</Filter>
    </ClCompile>
    <ClCompile Include="6087 레이저 통신.cpp">
      <Filter>Source Files</Filter>
    </ClCompile>
    <ClCompile Include="1719 택배.v0.floyd.cpp">
      <Filter>Source Files</Filter>
    </ClCompile>
    <ClCompile Include="1719 택배.v1.dijk.cpp">
      <Filter>Source Files</Filter>
    </ClCompile>
    <ClCompile Include="2523 별 찍기 - 13.cpp">
      <Filter>Source Files</Filter>
    </ClCompile>
    <ClCompile Include="15651 N과 M (3).cpp">
      <Filter>Source Files</Filter>
    </ClCompile>
    <ClCompile Include="15652 N과 M %284%29.cpp">
      <Filter>Source Files</Filter>
    </ClCompile>
    <ClCompile Include="12865 평범한 배낭.cpp">
      <Filter>Source Files</Filter>
    </ClCompile>
  </ItemGroup>
  <ItemGroup>
    <Text Include="input.txt">
      <Filter>Source Files</Filter>
    </Text>
    <Text Include="output.txt">
      <Filter>Source Files</Filter>
    </Text>
  </ItemGroup>
</Project>